// !$*UTF8*$!
{
	archiveVersion = 1;
	classes = {
	};
	objectVersion = 56;
	objects = {

/* Begin PBXBuildFile section */
		7DAB2E782BCF75690014851A /* AppDelegate.swift in Sources */ = {isa = PBXBuildFile; fileRef = 7DAB2E772BCF75690014851A /* AppDelegate.swift */; };
		7DAB2E7A2BCF75690014851A /* SceneDelegate.swift in Sources */ = {isa = PBXBuildFile; fileRef = 7DAB2E792BCF75690014851A /* SceneDelegate.swift */; };
		7DAB2E7C2BCF75690014851A /* ViewController.swift in Sources */ = {isa = PBXBuildFile; fileRef = 7DAB2E7B2BCF75690014851A /* ViewController.swift */; };
		7DAB2E7F2BCF75690014851A /* Base in Resources */ = {isa = PBXBuildFile; fileRef = 7DAB2E7E2BCF75690014851A /* Base */; };
		7DAB2E812BCF756A0014851A /* Assets.xcassets in Resources */ = {isa = PBXBuildFile; fileRef = 7DAB2E802BCF756A0014851A /* Assets.xcassets */; };
		7DAB2E842BCF756A0014851A /* Base in Resources */ = {isa = PBXBuildFile; fileRef = 7DAB2E832BCF756A0014851A /* Base */; };
		7DAB2E942BCF77760014851A /* CollectionViewCell.swift in Sources */ = {isa = PBXBuildFile; fileRef = 7DAB2E932BCF77760014851A /* CollectionViewCell.swift */; };
		7DAB2E962BCF7ABC0014851A /* Constants.swift in Sources */ = {isa = PBXBuildFile; fileRef = 7DAB2E952BCF7ABC0014851A /* Constants.swift */; };
		7DAB2E992BCF7C540014851A /* CategoryCardCollectionViewDataSource.swift in Sources */ = {isa = PBXBuildFile; fileRef = 7DAB2E982BCF7C540014851A /* CategoryCardCollectionViewDataSource.swift */; };
		7DAB2E9B2BCF7C6A0014851A /* CategoryCardCollectionViewDelegate.swift in Sources */ = {isa = PBXBuildFile; fileRef = 7DAB2E9A2BCF7C6A0014851A /* CategoryCardCollectionViewDelegate.swift */; };
		7DAB2E9D2BCF7D9C0014851A /* Category.swift in Sources */ = {isa = PBXBuildFile; fileRef = 7DAB2E9C2BCF7D9C0014851A /* Category.swift */; };
		7DAB2EA02BCF89AC0014851A /* HomeViewModel.swift in Sources */ = {isa = PBXBuildFile; fileRef = 7DAB2E9F2BCF89AC0014851A /* HomeViewModel.swift */; };
/* End PBXBuildFile section */

/* Begin PBXFileReference section */
		7DAB2E742BCF75690014851A /* Project-Organizer-UIKit.app */ = {isa = PBXFileReference; explicitFileType = wrapper.application; includeInIndex = 0; path = "Project-Organizer-UIKit.app"; sourceTree = BUILT_PRODUCTS_DIR; };
		7DAB2E772BCF75690014851A /* AppDelegate.swift */ = {isa = PBXFileReference; lastKnownFileType = sourcecode.swift; path = AppDelegate.swift; sourceTree = "<group>"; };
		7DAB2E792BCF75690014851A /* SceneDelegate.swift */ = {isa = PBXFileReference; lastKnownFileType = sourcecode.swift; path = SceneDelegate.swift; sourceTree = "<group>"; };
		7DAB2E7B2BCF75690014851A /* ViewController.swift */ = {isa = PBXFileReference; lastKnownFileType = sourcecode.swift; path = ViewController.swift; sourceTree = "<group>"; };
		7DAB2E7E2BCF75690014851A /* Base */ = {isa = PBXFileReference; lastKnownFileType = file.storyboard; name = Base; path = Base.lproj/Main.storyboard; sourceTree = "<group>"; };
		7DAB2E802BCF756A0014851A /* Assets.xcassets */ = {isa = PBXFileReference; lastKnownFileType = folder.assetcatalog; path = Assets.xcassets; sourceTree = "<group>"; };
		7DAB2E832BCF756A0014851A /* Base */ = {isa = PBXFileReference; lastKnownFileType = file.storyboard; name = Base; path = Base.lproj/LaunchScreen.storyboard; sourceTree = "<group>"; };
		7DAB2E852BCF756A0014851A /* Info.plist */ = {isa = PBXFileReference; lastKnownFileType = text.plist.xml; path = Info.plist; sourceTree = "<group>"; };
		7DAB2E932BCF77760014851A /* CollectionViewCell.swift */ = {isa = PBXFileReference; lastKnownFileType = sourcecode.swift; path = CollectionViewCell.swift; sourceTree = "<group>"; };
		7DAB2E952BCF7ABC0014851A /* Constants.swift */ = {isa = PBXFileReference; lastKnownFileType = sourcecode.swift; path = Constants.swift; sourceTree = "<group>"; };
		7DAB2E982BCF7C540014851A /* CategoryCardCollectionViewDataSource.swift */ = {isa = PBXFileReference; lastKnownFileType = sourcecode.swift; path = CategoryCardCollectionViewDataSource.swift; sourceTree = "<group>"; };
		7DAB2E9A2BCF7C6A0014851A /* CategoryCardCollectionViewDelegate.swift */ = {isa = PBXFileReference; lastKnownFileType = sourcecode.swift; path = CategoryCardCollectionViewDelegate.swift; sourceTree = "<group>"; };
		7DAB2E9C2BCF7D9C0014851A /* Category.swift */ = {isa = PBXFileReference; lastKnownFileType = sourcecode.swift; path = Category.swift; sourceTree = "<group>"; };
		7DAB2E9F2BCF89AC0014851A /* HomeViewModel.swift */ = {isa = PBXFileReference; lastKnownFileType = sourcecode.swift; path = HomeViewModel.swift; sourceTree = "<group>"; };
/* End PBXFileReference section */

/* Begin PBXFrameworksBuildPhase section */
		7DAB2E712BCF75690014851A /* Frameworks */ = {
			isa = PBXFrameworksBuildPhase;
			buildActionMask = 2147483647;
			files = (
			);
			runOnlyForDeploymentPostprocessing = 0;
		};
/* End PBXFrameworksBuildPhase section */

/* Begin PBXGroup section */
		7DAB2E6B2BCF75690014851A = {
			isa = PBXGroup;
			children = (
				7DAB2E762BCF75690014851A /* Project-Organizer-UIKit */,
				7DAB2E752BCF75690014851A /* Products */,
			);
			sourceTree = "<group>";
		};
		7DAB2E752BCF75690014851A /* Products */ = {
			isa = PBXGroup;
			children = (
				7DAB2E742BCF75690014851A /* Project-Organizer-UIKit.app */,
			);
			name = Products;
			sourceTree = "<group>";
		};
		7DAB2E762BCF75690014851A /* Project-Organizer-UIKit */ = {
			isa = PBXGroup;
			children = (
				7DAB2E9E2BCF7E2A0014851A /* DataSourcesAndDelegates */,
				7DAB2E8C2BCF76970014851A /* Model */,
				7DAB2E8E2BCF76A40014851A /* Views */,
				7DAB2E8D2BCF769C0014851A /* ViewModel */,
				7DAB2E8F2BCF76EE0014851A /* Controllers */,
				7DAB2E8B2BCF76900014851A /* Utilities */,
				7DAB2E772BCF75690014851A /* AppDelegate.swift */,
				7DAB2E792BCF75690014851A /* SceneDelegate.swift */,
				7DAB2E7D2BCF75690014851A /* Main.storyboard */,
				7DAB2E802BCF756A0014851A /* Assets.xcassets */,
				7DAB2E822BCF756A0014851A /* LaunchScreen.storyboard */,
				7DAB2E852BCF756A0014851A /* Info.plist */,
			);
			path = "Project-Organizer-UIKit";
			sourceTree = "<group>";
		};
		7DAB2E8B2BCF76900014851A /* Utilities */ = {
			isa = PBXGroup;
			children = (
				7DAB2E952BCF7ABC0014851A /* Constants.swift */,
			);
			path = Utilities;
			sourceTree = "<group>";
		};
		7DAB2E8C2BCF76970014851A /* Model */ = {
			isa = PBXGroup;
			children = (
				7DAB2E9C2BCF7D9C0014851A /* Category.swift */,
			);
			path = Model;
			sourceTree = "<group>";
		};
		7DAB2E8D2BCF769C0014851A /* ViewModel */ = {
			isa = PBXGroup;
			children = (
				7DAB2E9F2BCF89AC0014851A /* HomeViewModel.swift */,
			);
			path = ViewModel;
			sourceTree = "<group>";
		};
		7DAB2E8E2BCF76A40014851A /* Views */ = {
			isa = PBXGroup;
			children = (
				7DAB2E972BCF7C260014851A /* CollectionView */,
				7DAB2E902BCF76F30014851A /* Home */,
			);
			path = Views;
			sourceTree = "<group>";
		};
		7DAB2E8F2BCF76EE0014851A /* Controllers */ = {
			isa = PBXGroup;
			children = (
				7DAB2E7B2BCF75690014851A /* ViewController.swift */,
			);
			path = Controllers;
			sourceTree = "<group>";
		};
		7DAB2E902BCF76F30014851A /* Home */ = {
			isa = PBXGroup;
			children = (
			);
			path = Home;
			sourceTree = "<group>";
		};
		7DAB2E972BCF7C260014851A /* CollectionView */ = {
			isa = PBXGroup;
			children = (
				7DAB2E932BCF77760014851A /* CollectionViewCell.swift */,
			);
			path = CollectionView;
			sourceTree = "<group>";
		};
		7DAB2E9E2BCF7E2A0014851A /* DataSourcesAndDelegates */ = {
			isa = PBXGroup;
			children = (
				7DAB2E982BCF7C540014851A /* CategoryCardCollectionViewDataSource.swift */,
				7DAB2E9A2BCF7C6A0014851A /* CategoryCardCollectionViewDelegate.swift */,
			);
			path = DataSourcesAndDelegates;
			sourceTree = "<group>";
		};
/* End PBXGroup section */

/* Begin PBXNativeTarget section */
		7DAB2E732BCF75690014851A /* Project-Organizer-UIKit */ = {
			isa = PBXNativeTarget;
			buildConfigurationList = 7DAB2E882BCF756A0014851A /* Build configuration list for PBXNativeTarget "Project-Organizer-UIKit" */;
			buildPhases = (
				7DAB2E702BCF75690014851A /* Sources */,
				7DAB2E712BCF75690014851A /* Frameworks */,
				7DAB2E722BCF75690014851A /* Resources */,
			);
			buildRules = (
			);
			dependencies = (
			);
			name = "Project-Organizer-UIKit";
			productName = "Project-Organizer-UIKit";
			productReference = 7DAB2E742BCF75690014851A /* Project-Organizer-UIKit.app */;
			productType = "com.apple.product-type.application";
		};
/* End PBXNativeTarget section */

/* Begin PBXProject section */
		7DAB2E6C2BCF75690014851A /* Project object */ = {
			isa = PBXProject;
			attributes = {
				BuildIndependentTargetsInParallel = 1;
				LastSwiftUpdateCheck = 1530;
				LastUpgradeCheck = 1530;
				TargetAttributes = {
					7DAB2E732BCF75690014851A = {
						CreatedOnToolsVersion = 15.3;
					};
				};
			};
			buildConfigurationList = 7DAB2E6F2BCF75690014851A /* Build configuration list for PBXProject "Project-Organizer-UIKit" */;
			compatibilityVersion = "Xcode 14.0";
			developmentRegion = en;
			hasScannedForEncodings = 0;
			knownRegions = (
				en,
				Base,
			);
			mainGroup = 7DAB2E6B2BCF75690014851A;
			productRefGroup = 7DAB2E752BCF75690014851A /* Products */;
			projectDirPath = "";
			projectRoot = "";
			targets = (
				7DAB2E732BCF75690014851A /* Project-Organizer-UIKit */,
			);
		};
/* End PBXProject section */

/* Begin PBXResourcesBuildPhase section */
		7DAB2E722BCF75690014851A /* Resources */ = {
			isa = PBXResourcesBuildPhase;
			buildActionMask = 2147483647;
			files = (
				7DAB2E812BCF756A0014851A /* Assets.xcassets in Resources */,
				7DAB2E842BCF756A0014851A /* Base in Resources */,
				7DAB2E7F2BCF75690014851A /* Base in Resources */,
			);
			runOnlyForDeploymentPostprocessing = 0;
		};
/* End PBXResourcesBuildPhase section */

/* Begin PBXSourcesBuildPhase section */
		7DAB2E702BCF75690014851A /* Sources */ = {
			isa = PBXSourcesBuildPhase;
			buildActionMask = 2147483647;
			files = (
				7DAB2E7C2BCF75690014851A /* ViewController.swift in Sources */,
				7DAB2EA02BCF89AC0014851A /* HomeViewModel.swift in Sources */,
				7DAB2E782BCF75690014851A /* AppDelegate.swift in Sources */,
				7DAB2E9B2BCF7C6A0014851A /* CategoryCardCollectionViewDelegate.swift in Sources */,
				7DAB2E962BCF7ABC0014851A /* Constants.swift in Sources */,
				7DAB2E942BCF77760014851A /* CollectionViewCell.swift in Sources */,
				7DAB2E7A2BCF75690014851A /* SceneDelegate.swift in Sources */,
				7DAB2E992BCF7C540014851A /* CategoryCardCollectionViewDataSource.swift in Sources */,
				7DAB2E9D2BCF7D9C0014851A /* Category.swift in Sources */,
			);
			runOnlyForDeploymentPostprocessing = 0;
		};
/* End PBXSourcesBuildPhase section */

/* Begin PBXVariantGroup section */
		7DAB2E7D2BCF75690014851A /* Main.storyboard */ = {
			isa = PBXVariantGroup;
			children = (
				7DAB2E7E2BCF75690014851A /* Base */,
			);
			name = Main.storyboard;
			sourceTree = "<group>";
		};
		7DAB2E822BCF756A0014851A /* LaunchScreen.storyboard */ = {
			isa = PBXVariantGroup;
			children = (
				7DAB2E832BCF756A0014851A /* Base */,
			);
			name = LaunchScreen.storyboard;
			sourceTree = "<group>";
		};
/* End PBXVariantGroup section */

/* Begin XCBuildConfiguration section */
		7DAB2E862BCF756A0014851A /* Debug */ = {
			isa = XCBuildConfiguration;
			buildSettings = {
				ALWAYS_SEARCH_USER_PATHS = NO;
				ASSETCATALOG_COMPILER_GENERATE_SWIFT_ASSET_SYMBOL_EXTENSIONS = YES;
				CLANG_ANALYZER_NONNULL = YES;
				CLANG_ANALYZER_NUMBER_OBJECT_CONVERSION = YES_AGGRESSIVE;
				CLANG_CXX_LANGUAGE_STANDARD = "gnu++20";
				CLANG_ENABLE_MODULES = YES;
				CLANG_ENABLE_OBJC_ARC = YES;
				CLANG_ENABLE_OBJC_WEAK = YES;
				CLANG_WARN_BLOCK_CAPTURE_AUTORELEASING = YES;
				CLANG_WARN_BOOL_CONVERSION = YES;
				CLANG_WARN_COMMA = YES;
				CLANG_WARN_CONSTANT_CONVERSION = YES;
				CLANG_WARN_DEPRECATED_OBJC_IMPLEMENTATIONS = YES;
				CLANG_WARN_DIRECT_OBJC_ISA_USAGE = YES_ERROR;
				CLANG_WARN_DOCUMENTATION_COMMENTS = YES;
				CLANG_WARN_EMPTY_BODY = YES;
				CLANG_WARN_ENUM_CONVERSION = YES;
				CLANG_WARN_INFINITE_RECURSION = YES;
				CLANG_WARN_INT_CONVERSION = YES;
				CLANG_WARN_NON_LITERAL_NULL_CONVERSION = YES;
				CLANG_WARN_OBJC_IMPLICIT_RETAIN_SELF = YES;
				CLANG_WARN_OBJC_LITERAL_CONVERSION = YES;
				CLANG_WARN_OBJC_ROOT_CLASS = YES_ERROR;
				CLANG_WARN_QUOTED_INCLUDE_IN_FRAMEWORK_HEADER = YES;
				CLANG_WARN_RANGE_LOOP_ANALYSIS = YES;
				CLANG_WARN_STRICT_PROTOTYPES = YES;
				CLANG_WARN_SUSPICIOUS_MOVE = YES;
				CLANG_WARN_UNGUARDED_AVAILABILITY = YES_AGGRESSIVE;
				CLANG_WARN_UNREACHABLE_CODE = YES;
				CLANG_WARN__DUPLICATE_METHOD_MATCH = YES;
				COPY_PHASE_STRIP = NO;
				DEBUG_INFORMATION_FORMAT = dwarf;
				ENABLE_STRICT_OBJC_MSGSEND = YES;
				ENABLE_TESTABILITY = YES;
				ENABLE_USER_SCRIPT_SANDBOXING = YES;
				GCC_C_LANGUAGE_STANDARD = gnu17;
				GCC_DYNAMIC_NO_PIC = NO;
				GCC_NO_COMMON_BLOCKS = YES;
				GCC_OPTIMIZATION_LEVEL = 0;
				GCC_PREPROCESSOR_DEFINITIONS = (
					"DEBUG=1",
					"$(inherited)",
				);
				GCC_WARN_64_TO_32_BIT_CONVERSION = YES;
				GCC_WARN_ABOUT_RETURN_TYPE = YES_ERROR;
				GCC_WARN_UNDECLARED_SELECTOR = YES;
				GCC_WARN_UNINITIALIZED_AUTOS = YES_AGGRESSIVE;
				GCC_WARN_UNUSED_FUNCTION = YES;
				GCC_WARN_UNUSED_VARIABLE = YES;
				IPHONEOS_DEPLOYMENT_TARGET = 17.4;
				LOCALIZATION_PREFERS_STRING_CATALOGS = YES;
				MTL_ENABLE_DEBUG_INFO = INCLUDE_SOURCE;
				MTL_FAST_MATH = YES;
				ONLY_ACTIVE_ARCH = YES;
				SDKROOT = iphoneos;
				SWIFT_ACTIVE_COMPILATION_CONDITIONS = "DEBUG $(inherited)";
				SWIFT_OPTIMIZATION_LEVEL = "-Onone";
			};
			name = Debug;
		};
		7DAB2E872BCF756A0014851A /* Release */ = {
			isa = XCBuildConfiguration;
			buildSettings = {
				ALWAYS_SEARCH_USER_PATHS = NO;
				ASSETCATALOG_COMPILER_GENERATE_SWIFT_ASSET_SYMBOL_EXTENSIONS = YES;
				CLANG_ANALYZER_NONNULL = YES;
				CLANG_ANALYZER_NUMBER_OBJECT_CONVERSION = YES_AGGRESSIVE;
				CLANG_CXX_LANGUAGE_STANDARD = "gnu++20";
				CLANG_ENABLE_MODULES = YES;
				CLANG_ENABLE_OBJC_ARC = YES;
				CLANG_ENABLE_OBJC_WEAK = YES;
				CLANG_WARN_BLOCK_CAPTURE_AUTORELEASING = YES;
				CLANG_WARN_BOOL_CONVERSION = YES;
				CLANG_WARN_COMMA = YES;
				CLANG_WARN_CONSTANT_CONVERSION = YES;
				CLANG_WARN_DEPRECATED_OBJC_IMPLEMENTATIONS = YES;
				CLANG_WARN_DIRECT_OBJC_ISA_USAGE = YES_ERROR;
				CLANG_WARN_DOCUMENTATION_COMMENTS = YES;
				CLANG_WARN_EMPTY_BODY = YES;
				CLANG_WARN_ENUM_CONVERSION = YES;
				CLANG_WARN_INFINITE_RECURSION = YES;
				CLANG_WARN_INT_CONVERSION = YES;
				CLANG_WARN_NON_LITERAL_NULL_CONVERSION = YES;
				CLANG_WARN_OBJC_IMPLICIT_RETAIN_SELF = YES;
				CLANG_WARN_OBJC_LITERAL_CONVERSION = YES;
				CLANG_WARN_OBJC_ROOT_CLASS = YES_ERROR;
				CLANG_WARN_QUOTED_INCLUDE_IN_FRAMEWORK_HEADER = YES;
				CLANG_WARN_RANGE_LOOP_ANALYSIS = YES;
				CLANG_WARN_STRICT_PROTOTYPES = YES;
				CLANG_WARN_SUSPICIOUS_MOVE = YES;
				CLANG_WARN_UNGUARDED_AVAILABILITY = YES_AGGRESSIVE;
				CLANG_WARN_UNREACHABLE_CODE = YES;
				CLANG_WARN__DUPLICATE_METHOD_MATCH = YES;
				COPY_PHASE_STRIP = NO;
				DEBUG_INFORMATION_FORMAT = "dwarf-with-dsym";
				ENABLE_NS_ASSERTIONS = NO;
				ENABLE_STRICT_OBJC_MSGSEND = YES;
				ENABLE_USER_SCRIPT_SANDBOXING = YES;
				GCC_C_LANGUAGE_STANDARD = gnu17;
				GCC_NO_COMMON_BLOCKS = YES;
				GCC_WARN_64_TO_32_BIT_CONVERSION = YES;
				GCC_WARN_ABOUT_RETURN_TYPE = YES_ERROR;
				GCC_WARN_UNDECLARED_SELECTOR = YES;
				GCC_WARN_UNINITIALIZED_AUTOS = YES_AGGRESSIVE;
				GCC_WARN_UNUSED_FUNCTION = YES;
				GCC_WARN_UNUSED_VARIABLE = YES;
				IPHONEOS_DEPLOYMENT_TARGET = 17.4;
				LOCALIZATION_PREFERS_STRING_CATALOGS = YES;
				MTL_ENABLE_DEBUG_INFO = NO;
				MTL_FAST_MATH = YES;
				SDKROOT = iphoneos;
				SWIFT_COMPILATION_MODE = wholemodule;
				VALIDATE_PRODUCT = YES;
			};
			name = Release;
		};
		7DAB2E892BCF756A0014851A /* Debug */ = {
			isa = XCBuildConfiguration;
			buildSettings = {
				ASSETCATALOG_COMPILER_APPICON_NAME = AppIcon;
				ASSETCATALOG_COMPILER_GLOBAL_ACCENT_COLOR_NAME = AccentColor;
				CODE_SIGN_STYLE = Automatic;
				CURRENT_PROJECT_VERSION = 1;
				DEVELOPMENT_TEAM = 36V4VFDU99;
				GENERATE_INFOPLIST_FILE = YES;
				INFOPLIST_FILE = "Project-Organizer-UIKit/Info.plist";
				INFOPLIST_KEY_UIApplicationSupportsIndirectInputEvents = YES;
				INFOPLIST_KEY_UILaunchStoryboardName = LaunchScreen;
				INFOPLIST_KEY_UIMainStoryboardFile = Main;
				INFOPLIST_KEY_UISupportedInterfaceOrientations_iPad = "UIInterfaceOrientationPortrait UIInterfaceOrientationPortraitUpsideDown UIInterfaceOrientationLandscapeLeft UIInterfaceOrientationLandscapeRight";
				INFOPLIST_KEY_UISupportedInterfaceOrientations_iPhone = "UIInterfaceOrientationPortrait UIInterfaceOrientationLandscapeLeft UIInterfaceOrientationLandscapeRight";
				LD_RUNPATH_SEARCH_PATHS = (
					"$(inherited)",
					"@executable_path/Frameworks",
				);
				MARKETING_VERSION = 1.0;
				PRODUCT_BUNDLE_IDENTIFIER = "com.alexhernandez.Project-Organizer-UIKit";
				PRODUCT_NAME = "$(TARGET_NAME)";
				SWIFT_EMIT_LOC_STRINGS = YES;
				SWIFT_VERSION = 5.0;
				TARGETED_DEVICE_FAMILY = "1,2";
			};
			name = Debug;
		};
		7DAB2E8A2BCF756A0014851A /* Release */ = {
			isa = XCBuildConfiguration;
			buildSettings = {
				ASSETCATALOG_COMPILER_APPICON_NAME = AppIcon;
				ASSETCATALOG_COMPILER_GLOBAL_ACCENT_COLOR_NAME = AccentColor;
				CODE_SIGN_STYLE = Automatic;
				CURRENT_PROJECT_VERSION = 1;
				DEVELOPMENT_TEAM = 36V4VFDU99;
				GENERATE_INFOPLIST_FILE = YES;
				INFOPLIST_FILE = "Project-Organizer-UIKit/Info.plist";
				INFOPLIST_KEY_UIApplicationSupportsIndirectInputEvents = YES;
				INFOPLIST_KEY_UILaunchStoryboardName = LaunchScreen;
				INFOPLIST_KEY_UIMainStoryboardFile = Main;
				INFOPLIST_KEY_UISupportedInterfaceOrientations_iPad = "UIInterfaceOrientationPortrait UIInterfaceOrientationPortraitUpsideDown UIInterfaceOrientationLandscapeLeft UIInterfaceOrientationLandscapeRight";
				INFOPLIST_KEY_UISupportedInterfaceOrientations_iPhone = "UIInterfaceOrientationPortrait UIInterfaceOrientationLandscapeLeft UIInterfaceOrientationLandscapeRight";
				LD_RUNPATH_SEARCH_PATHS = (
					"$(inherited)",
					"@executable_path/Frameworks",
				);
				MARKETING_VERSION = 1.0;
				PRODUCT_BUNDLE_IDENTIFIER = "com.alexhernandez.Project-Organizer-UIKit";
				PRODUCT_NAME = "$(TARGET_NAME)";
				SWIFT_EMIT_LOC_STRINGS = YES;
				SWIFT_VERSION = 5.0;
				TARGETED_DEVICE_FAMILY = "1,2";
			};
			name = Release;
		};
/* End XCBuildConfiguration section */

/* Begin XCConfigurationList section */
		7DAB2E6F2BCF75690014851A /* Build configuration list for PBXProject "Project-Organizer-UIKit" */ = {
			isa = XCConfigurationList;
			buildConfigurations = (
				7DAB2E862BCF756A0014851A /* Debug */,
				7DAB2E872BCF756A0014851A /* Release */,
			);
			defaultConfigurationIsVisible = 0;
			defaultConfigurationName = Release;
		};
		7DAB2E882BCF756A0014851A /* Build configuration list for PBXNativeTarget "Project-Organizer-UIKit" */ = {
			isa = XCConfigurationList;
			buildConfigurations = (
				7DAB2E892BCF756A0014851A /* Debug */,
				7DAB2E8A2BCF756A0014851A /* Release */,
			);
			defaultConfigurationIsVisible = 0;
			defaultConfigurationName = Release;
		};
/* End XCConfigurationList section */
	};
	rootObject = 7DAB2E6C2BCF75690014851A /* Project object */;
}
